
Microsoft Visual Studio Solution File, Format Version 12.00
# Visual Studio Version 17
VisualStudioVersion = 17.1.32407.343
MinimumVisualStudioVersion = 10.0.40219.1
Project("{FAE04EC0-301F-11D3-BF4B-00C04F79EFBC}") = "CrypticCode", "CrypticCode\CrypticCode.csproj", "{23781D63-A15C-44EB-A544-57F9D1E39656}"
EndProject
Global
	GlobalSection(SolutionConfigurationPlatforms) = preSolution
		Debug|Any CPU = Debug|Any CPU
		Release|Any CPU = Release|Any CPU
	EndGlobalSection
	GlobalSection(ProjectConfigurationPlatforms) = postSolution
		{23781D63-A15C-44EB-A544-57F9D1E39656}.Debug|Any CPU.ActiveCfg = Debug|Any CPU
		{23781D63-A15C-44EB-A544-57F9D1E39656}.Debug|Any CPU.Build.0 = Debug|Any CPU
		{23781D63-A15C-44EB-A544-57F9D1E39656}.Release|Any CPU.ActiveCfg = Release|Any CPU
		{23781D63-A15C-44EB-A544-57F9D1E39656}.Release|Any CPU.Build.0 = Release|Any CPU
	EndGlobalSection
	GlobalSection(SolutionProperties) = preSolution
		HideSolutionNode = FALSE
	EndGlobalSection
	GlobalSection(ExtensibilityGlobals) = postSolution
		SolutionGuid = {B9071FB7-928A-4AC2-AF80-DCF5A0B0D725}
	EndGlobalSection
EndGlobal
